
Microsoft Visual Studio Solution File, Format Version 12.00
# Visual Studio 14
VisualStudioVersion = 14.0.25420.1
MinimumVisualStudioVersion = 10.0.40219.1
Project("{2150E333-8FDC-42A3-9474-1A3956D46DE8}") = "testapps", "testapps", "{0FEA34D0-789B-43BF-BBA3-CD92D56321A4}"
EndProject
Project("{2150E333-8FDC-42A3-9474-1A3956D46DE8}") = "Solution Items", "Solution Items", "{B8E45335-6D2E-45DE-BED5-D48E67D0DC45}"
	ProjectSection(SolutionItems) = preProject
		global.json = global.json
		NuGet.config = NuGet.config
	EndProjectSection
EndProject
Project("{8BB2217D-0F2D-49D1-97BC-3654ED321F3B}") = "RazorToolingTestApp.Library", "testapps\RazorToolingTestApp.Library\RazorToolingTestApp.Library.xproj", "{CF8D2020-2F4C-4C9F-9B5E-76A0A3E33731}"
EndProject
Project("{8BB2217D-0F2D-49D1-97BC-3654ED321F3B}") = "RazorToolingTestApp", "testapps\RazorToolingTestApp\RazorToolingTestApp.xproj", "{2F254FF7-6B16-4C1C-8683-0D21C887611E}"
EndProject
Project("{2150E333-8FDC-42A3-9474-1A3956D46DE8}") = "src", "src", "{0A6865A4-0097-43B8-8579-9D4ADF2012DA}"
EndProject
Project("{8BB2217D-0F2D-49D1-97BC-3654ED321F3B}") = "RazorToolingTestApp.LibraryPackage", "src\RazorToolingTestApp.LibraryPackage\RazorToolingTestApp.LibraryPackage.xproj", "{DAE3EE34-5C21-4A05-8C0F-2DD1C18BB25B}"
EndProject
Global
	GlobalSection(SolutionConfigurationPlatforms) = preSolution
		Debug|Any CPU = Debug|Any CPU
		Release|Any CPU = Release|Any CPU
	EndGlobalSection
	GlobalSection(ProjectConfigurationPlatforms) = postSolution
		{CF8D2020-2F4C-4C9F-9B5E-76A0A3E33731}.Debug|Any CPU.ActiveCfg = Debug|Any CPU
		{CF8D2020-2F4C-4C9F-9B5E-76A0A3E33731}.Debug|Any CPU.Build.0 = Debug|Any CPU
		{CF8D2020-2F4C-4C9F-9B5E-76A0A3E33731}.Release|Any CPU.ActiveCfg = Release|Any CPU
		{CF8D2020-2F4C-4C9F-9B5E-76A0A3E33731}.Release|Any CPU.Build.0 = Release|Any CPU
		{2F254FF7-6B16-4C1C-8683-0D21C887611E}.Debug|Any CPU.ActiveCfg = Debug|Any CPU
		{2F254FF7-6B16-4C1C-8683-0D21C887611E}.Debug|Any CPU.Build.0 = Debug|Any CPU
		{2F254FF7-6B16-4C1C-8683-0D21C887611E}.Release|Any CPU.ActiveCfg = Release|Any CPU
		{2F254FF7-6B16-4C1C-8683-0D21C887611E}.Release|Any CPU.Build.0 = Release|Any CPU
		{DAE3EE34-5C21-4A05-8C0F-2DD1C18BB25B}.Debug|Any CPU.ActiveCfg = Debug|Any CPU
		{DAE3EE34-5C21-4A05-8C0F-2DD1C18BB25B}.Debug|Any CPU.Build.0 = Debug|Any CPU
		{DAE3EE34-5C21-4A05-8C0F-2DD1C18BB25B}.Release|Any CPU.ActiveCfg = Release|Any CPU
		{DAE3EE34-5C21-4A05-8C0F-2DD1C18BB25B}.Release|Any CPU.Build.0 = Release|Any CPU
	EndGlobalSection
	GlobalSection(SolutionProperties) = preSolution
		HideSolutionNode = FALSE
	EndGlobalSection
	GlobalSection(NestedProjects) = preSolution
		{CF8D2020-2F4C-4C9F-9B5E-76A0A3E33731} = {0FEA34D0-789B-43BF-BBA3-CD92D56321A4}
		{2F254FF7-6B16-4C1C-8683-0D21C887611E} = {0FEA34D0-789B-43BF-BBA3-CD92D56321A4}
		{DAE3EE34-5C21-4A05-8C0F-2DD1C18BB25B} = {0A6865A4-0097-43B8-8579-9D4ADF2012DA}
	EndGlobalSection
EndGlobal
